// !$*UTF8*$!
{
	archiveVersion = 1;
	classes = {
	};
	objectVersion = 50;
	objects = {

/* Begin PBXBuildFile section */
		F6DC0ADD2214062A00F675FB /* AppDelegate.m in Sources */ = {isa = PBXBuildFile; fileRef = F6DC0ADC2214062A00F675FB /* AppDelegate.m */; };
		F6DC0AE02214062A00F675FB /* ViewController.m in Sources */ = {isa = PBXBuildFile; fileRef = F6DC0ADF2214062A00F675FB /* ViewController.m */; };
		F6DC0AE32214062A00F675FB /* Main.storyboard in Resources */ = {isa = PBXBuildFile; fileRef = F6DC0AE12214062A00F675FB /* Main.storyboard */; };
		F6DC0AE52214062B00F675FB /* Assets.xcassets in Resources */ = {isa = PBXBuildFile; fileRef = F6DC0AE42214062B00F675FB /* Assets.xcassets */; };
		F6DC0AE82214062B00F675FB /* LaunchScreen.storyboard in Resources */ = {isa = PBXBuildFile; fileRef = F6DC0AE62214062B00F675FB /* LaunchScreen.storyboard */; };
		F6DC0AEB2214062B00F675FB /* main.m in Sources */ = {isa = PBXBuildFile; fileRef = F6DC0AEA2214062B00F675FB /* main.m */; };
		F6DC0AF52214062B00F675FB /* TestPodSpecDemoTests.m in Sources */ = {isa = PBXBuildFile; fileRef = F6DC0AF42214062B00F675FB /* TestPodSpecDemoTests.m */; };
		F6DC0B002214062B00F675FB /* TestPodSpecDemoUITests.m in Sources */ = {isa = PBXBuildFile; fileRef = F6DC0AFF2214062B00F675FB /* TestPodSpecDemoUITests.m */; };
		F6DC0B12221409BE00F675FB /* YLUIManager.m in Sources */ = {isa = PBXBuildFile; fileRef = F6DC0B11221409BE00F675FB /* YLUIManager.m */; };
/* End PBXBuildFile section */

/* Begin PBXContainerItemProxy section */
		F6DC0AF12214062B00F675FB /* PBXContainerItemProxy */ = {
			isa = PBXContainerItemProxy;
			containerPortal = F6DC0AD02214062A00F675FB /* Project object */;
			proxyType = 1;
			remoteGlobalIDString = F6DC0AD72214062A00F675FB;
			remoteInfo = TestPodSpecDemo;
		};
		F6DC0AFC2214062B00F675FB /* PBXContainerItemProxy */ = {
			isa = PBXContainerItemProxy;
			containerPortal = F6DC0AD02214062A00F675FB /* Project object */;
			proxyType = 1;
			remoteGlobalIDString = F6DC0AD72214062A00F675FB;
			remoteInfo = TestPodSpecDemo;
		};
/* End PBXContainerItemProxy section */

/* Begin PBXFileReference section */
		F6DC0AD82214062A00F675FB /* TestPodSpecDemo.app */ = {isa = PBXFileReference; explicitFileType = wrapper.application; includeInIndex = 0; path = TestPodSpecDemo.app; sourceTree = BUILT_PRODUCTS_DIR; };
		F6DC0ADB2214062A00F675FB /* AppDelegate.h */ = {isa = PBXFileReference; lastKnownFileType = sourcecode.c.h; path = AppDelegate.h; sourceTree = "<group>"; };
		F6DC0ADC2214062A00F675FB /* AppDelegate.m */ = {isa = PBXFileReference; lastKnownFileType = sourcecode.c.objc; path = AppDelegate.m; sourceTree = "<group>"; };
		F6DC0ADE2214062A00F675FB /* ViewController.h */ = {isa = PBXFileReference; lastKnownFileType = sourcecode.c.h; path = ViewController.h; sourceTree = "<group>"; };
		F6DC0ADF2214062A00F675FB /* ViewController.m */ = {isa = PBXFileReference; lastKnownFileType = sourcecode.c.objc; path = ViewController.m; sourceTree = "<group>"; };
		F6DC0AE22214062A00F675FB /* Base */ = {isa = PBXFileReference; lastKnownFileType = file.storyboard; name = Base; path = Base.lproj/Main.storyboard; sourceTree = "<group>"; };
		F6DC0AE42214062B00F675FB /* Assets.xcassets */ = {isa = PBXFileReference; lastKnownFileType = folder.assetcatalog; path = Assets.xcassets; sourceTree = "<group>"; };
		F6DC0AE72214062B00F675FB /* Base */ = {isa = PBXFileReference; lastKnownFileType = file.storyboard; name = Base; path = Base.lproj/LaunchScreen.storyboard; sourceTree = "<group>"; };
		F6DC0AE92214062B00F675FB /* Info.plist */ = {isa = PBXFileReference; lastKnownFileType = text.plist.xml; path = Info.plist; sourceTree = "<group>"; };
		F6DC0AEA2214062B00F675FB /* main.m */ = {isa = PBXFileReference; lastKnownFileType = sourcecode.c.objc; path = main.m; sourceTree = "<group>"; };
		F6DC0AF02214062B00F675FB /* TestPodSpecDemoTests.xctest */ = {isa = PBXFileReference; explicitFileType = wrapper.cfbundle; includeInIndex = 0; path = TestPodSpecDemoTests.xctest; sourceTree = BUILT_PRODUCTS_DIR; };
		F6DC0AF42214062B00F675FB /* TestPodSpecDemoTests.m */ = {isa = PBXFileReference; lastKnownFileType = sourcecode.c.objc; path = TestPodSpecDemoTests.m; sourceTree = "<group>"; };
		F6DC0AF62214062B00F675FB /* Info.plist */ = {isa = PBXFileReference; lastKnownFileType = text.plist.xml; path = Info.plist; sourceTree = "<group>"; };
		F6DC0AFB2214062B00F675FB /* TestPodSpecDemoUITests.xctest */ = {isa = PBXFileReference; explicitFileType = wrapper.cfbundle; includeInIndex = 0; path = TestPodSpecDemoUITests.xctest; sourceTree = BUILT_PRODUCTS_DIR; };
		F6DC0AFF2214062B00F675FB /* TestPodSpecDemoUITests.m */ = {isa = PBXFileReference; lastKnownFileType = sourcecode.c.objc; path = TestPodSpecDemoUITests.m; sourceTree = "<group>"; };
		F6DC0B012214062B00F675FB /* Info.plist */ = {isa = PBXFileReference; lastKnownFileType = text.plist.xml; path = Info.plist; sourceTree = "<group>"; };
		F6DC0B0F2214098500F675FB /* YLSingleDefine.h */ = {isa = PBXFileReference; lastKnownFileType = sourcecode.c.h; path = YLSingleDefine.h; sourceTree = "<group>"; };
		F6DC0B10221409BE00F675FB /* YLUIManager.h */ = {isa = PBXFileReference; lastKnownFileType = sourcecode.c.h; path = YLUIManager.h; sourceTree = "<group>"; };
		F6DC0B11221409BE00F675FB /* YLUIManager.m */ = {isa = PBXFileReference; lastKnownFileType = sourcecode.c.objc; path = YLUIManager.m; sourceTree = "<group>"; };
/* End PBXFileReference section */

/* Begin PBXFrameworksBuildPhase section */
		F6DC0AD52214062A00F675FB /* Frameworks */ = {
			isa = PBXFrameworksBuildPhase;
			buildActionMask = 2147483647;
			files = (
			);
			runOnlyForDeploymentPostprocessing = 0;
		};
		F6DC0AED2214062B00F675FB /* Frameworks */ = {
			isa = PBXFrameworksBuildPhase;
			buildActionMask = 2147483647;
			files = (
			);
			runOnlyForDeploymentPostprocessing = 0;
		};
		F6DC0AF82214062B00F675FB /* Frameworks */ = {
			isa = PBXFrameworksBuildPhase;
			buildActionMask = 2147483647;
			files = (
			);
			runOnlyForDeploymentPostprocessing = 0;
		};
/* End PBXFrameworksBuildPhase section */

/* Begin PBXGroup section */
		F6DC0ACF2214062A00F675FB = {
			isa = PBXGroup;
			children = (
				F6DC0B0D221407D100F675FB /* Vendor */,
				F6DC0ADA2214062A00F675FB /* TestPodSpecDemo */,
				F6DC0AF32214062B00F675FB /* TestPodSpecDemoTests */,
				F6DC0AFE2214062B00F675FB /* TestPodSpecDemoUITests */,
				F6DC0AD92214062A00F675FB /* Products */,
			);
			sourceTree = "<group>";
		};
		F6DC0AD92214062A00F675FB /* Products */ = {
			isa = PBXGroup;
			children = (
				F6DC0AD82214062A00F675FB /* TestPodSpecDemo.app */,
				F6DC0AF02214062B00F675FB /* TestPodSpecDemoTests.xctest */,
				F6DC0AFB2214062B00F675FB /* TestPodSpecDemoUITests.xctest */,
			);
			name = Products;
			sourceTree = "<group>";
		};
		F6DC0ADA2214062A00F675FB /* TestPodSpecDemo */ = {
			isa = PBXGroup;
			children = (
				F6DC0ADB2214062A00F675FB /* AppDelegate.h */,
				F6DC0ADC2214062A00F675FB /* AppDelegate.m */,
				F6DC0ADE2214062A00F675FB /* ViewController.h */,
				F6DC0ADF2214062A00F675FB /* ViewController.m */,
				F6DC0AE12214062A00F675FB /* Main.storyboard */,
				F6DC0AE42214062B00F675FB /* Assets.xcassets */,
				F6DC0AE62214062B00F675FB /* LaunchScreen.storyboard */,
				F6DC0AE92214062B00F675FB /* Info.plist */,
				F6DC0AEA2214062B00F675FB /* main.m */,
			);
			path = TestPodSpecDemo;
			sourceTree = "<group>";
		};
		F6DC0AF32214062B00F675FB /* TestPodSpecDemoTests */ = {
			isa = PBXGroup;
			children = (
				F6DC0AF42214062B00F675FB /* TestPodSpecDemoTests.m */,
				F6DC0AF62214062B00F675FB /* Info.plist */,
			);
			path = TestPodSpecDemoTests;
			sourceTree = "<group>";
		};
		F6DC0AFE2214062B00F675FB /* TestPodSpecDemoUITests */ = {
			isa = PBXGroup;
			children = (
				F6DC0AFF2214062B00F675FB /* TestPodSpecDemoUITests.m */,
				F6DC0B012214062B00F675FB /* Info.plist */,
			);
			path = TestPodSpecDemoUITests;
			sourceTree = "<group>";
		};
		F6DC0B0D221407D100F675FB /* Vendor */ = {
			isa = PBXGroup;
			children = (
				F6DC0B0E2214080C00F675FB /* TestPodSpec */,
			);
			path = Vendor;
			sourceTree = "<group>";
		};
		F6DC0B0E2214080C00F675FB /* TestPodSpec */ = {
			isa = PBXGroup;
			children = (
				F6DC0B0F2214098500F675FB /* YLSingleDefine.h */,
				F6DC0B10221409BE00F675FB /* YLUIManager.h */,
				F6DC0B11221409BE00F675FB /* YLUIManager.m */,
			);
			name = TestPodSpec;
			path = ../../TestPodSpec;
			sourceTree = "<group>";
		};
/* End PBXGroup section */

/* Begin PBXNativeTarget section */
		F6DC0AD72214062A00F675FB /* TestPodSpecDemo */ = {
			isa = PBXNativeTarget;
			buildConfigurationList = F6DC0B042214062B00F675FB /* Build configuration list for PBXNativeTarget "TestPodSpecDemo" */;
			buildPhases = (
				F6DC0AD42214062A00F675FB /* Sources */,
				F6DC0AD52214062A00F675FB /* Frameworks */,
				F6DC0AD62214062A00F675FB /* Resources */,
			);
			buildRules = (
			);
			dependencies = (
			);
			name = TestPodSpecDemo;
			productName = TestPodSpecDemo;
			productReference = F6DC0AD82214062A00F675FB /* TestPodSpecDemo.app */;
			productType = "com.apple.product-type.application";
		};
		F6DC0AEF2214062B00F675FB /* TestPodSpecDemoTests */ = {
			isa = PBXNativeTarget;
			buildConfigurationList = F6DC0B072214062B00F675FB /* Build configuration list for PBXNativeTarget "TestPodSpecDemoTests" */;
			buildPhases = (
				F6DC0AEC2214062B00F675FB /* Sources */,
				F6DC0AED2214062B00F675FB /* Frameworks */,
				F6DC0AEE2214062B00F675FB /* Resources */,
			);
			buildRules = (
			);
			dependencies = (
				F6DC0AF22214062B00F675FB /* PBXTargetDependency */,
			);
			name = TestPodSpecDemoTests;
			productName = TestPodSpecDemoTests;
			productReference = F6DC0AF02214062B00F675FB /* TestPodSpecDemoTests.xctest */;
			productType = "com.apple.product-type.bundle.unit-test";
		};
		F6DC0AFA2214062B00F675FB /* TestPodSpecDemoUITests */ = {
			isa = PBXNativeTarget;
			buildConfigurationList = F6DC0B0A2214062B00F675FB /* Build configuration list for PBXNativeTarget "TestPodSpecDemoUITests" */;
			buildPhases = (
				F6DC0AF72214062B00F675FB /* Sources */,
				F6DC0AF82214062B00F675FB /* Frameworks */,
				F6DC0AF92214062B00F675FB /* Resources */,
			);
			buildRules = (
			);
			dependencies = (
				F6DC0AFD2214062B00F675FB /* PBXTargetDependency */,
			);
			name = TestPodSpecDemoUITests;
			productName = TestPodSpecDemoUITests;
			productReference = F6DC0AFB2214062B00F675FB /* TestPodSpecDemoUITests.xctest */;
			productType = "com.apple.product-type.bundle.ui-testing";
		};
/* End PBXNativeTarget section */

/* Begin PBXProject section */
		F6DC0AD02214062A00F675FB /* Project object */ = {
			isa = PBXProject;
			attributes = {
				LastUpgradeCheck = 1010;
				ORGANIZATIONNAME = luoyingli;
				TargetAttributes = {
					F6DC0AD72214062A00F675FB = {
						CreatedOnToolsVersion = 10.1;
					};
					F6DC0AEF2214062B00F675FB = {
						CreatedOnToolsVersion = 10.1;
						TestTargetID = F6DC0AD72214062A00F675FB;
					};
					F6DC0AFA2214062B00F675FB = {
						CreatedOnToolsVersion = 10.1;
						TestTargetID = F6DC0AD72214062A00F675FB;
					};
				};
			};
			buildConfigurationList = F6DC0AD32214062A00F675FB /* Build configuration list for PBXProject "TestPodSpecDemo" */;
			compatibilityVersion = "Xcode 9.3";
			developmentRegion = en;
			hasScannedForEncodings = 0;
			knownRegions = (
				en,
				Base,
			);
			mainGroup = F6DC0ACF2214062A00F675FB;
			productRefGroup = F6DC0AD92214062A00F675FB /* Products */;
			projectDirPath = "";
			projectRoot = "";
			targets = (
				F6DC0AD72214062A00F675FB /* TestPodSpecDemo */,
				F6DC0AEF2214062B00F675FB /* TestPodSpecDemoTests */,
				F6DC0AFA2214062B00F675FB /* TestPodSpecDemoUITests */,
			);
		};
/* End PBXProject section */

/* Begin PBXResourcesBuildPhase section */
		F6DC0AD62214062A00F675FB /* Resources */ = {
			isa = PBXResourcesBuildPhase;
			buildActionMask = 2147483647;
			files = (
				F6DC0AE82214062B00F675FB /* LaunchScreen.storyboard in Resources */,
				F6DC0AE52214062B00F675FB /* Assets.xcassets in Resources */,
				F6DC0AE32214062A00F675FB /* Main.storyboard in Resources */,
			);
			runOnlyForDeploymentPostprocessing = 0;
		};
		F6DC0AEE2214062B00F675FB /* Resources */ = {
			isa = PBXResourcesBuildPhase;
			buildActionMask = 2147483647;
			files = (
			);
			runOnlyForDeploymentPostprocessing = 0;
		};
		F6DC0AF92214062B00F675FB /* Resources */ = {
			isa = PBXResourcesBuildPhase;
			buildActionMask = 2147483647;
			files = (
			);
			runOnlyForDeploymentPostprocessing = 0;
		};
/* End PBXResourcesBuildPhase section */

/* Begin PBXSourcesBuildPhase section */
		F6DC0AD42214062A00F675FB /* Sources */ = {
			isa = PBXSourcesBuildPhase;
			buildActionMask = 2147483647;
			files = (
				F6DC0AE02214062A00F675FB /* ViewController.m in Sources */,
				F6DC0AEB2214062B00F675FB /* main.m in Sources */,
				F6DC0B12221409BE00F675FB /* YLUIManager.m in Sources */,
				F6DC0ADD2214062A00F675FB /* AppDelegate.m in Sources */,
			);
			runOnlyForDeploymentPostprocessing = 0;
		};
		F6DC0AEC2214062B00F675FB /* Sources */ = {
			isa = PBXSourcesBuildPhase;
			buildActionMask = 2147483647;
			files = (
				F6DC0AF52214062B00F675FB /* TestPodSpecDemoTests.m in Sources */,
			);
			runOnlyForDeploymentPostprocessing = 0;
		};
		F6DC0AF72214062B00F675FB /* Sources */ = {
			isa = PBXSourcesBuildPhase;
			buildActionMask = 2147483647;
			files = (
				F6DC0B002214062B00F675FB /* TestPodSpecDemoUITests.m in Sources */,
			);
			runOnlyForDeploymentPostprocessing = 0;
		};
/* End PBXSourcesBuildPhase section */

/* Begin PBXTargetDependency section */
		F6DC0AF22214062B00F675FB /* PBXTargetDependency */ = {
			isa = PBXTargetDependency;
			target = F6DC0AD72214062A00F675FB /* TestPodSpecDemo */;
			targetProxy = F6DC0AF12214062B00F675FB /* PBXContainerItemProxy */;
		};
		F6DC0AFD2214062B00F675FB /* PBXTargetDependency */ = {
			isa = PBXTargetDependency;
			target = F6DC0AD72214062A00F675FB /* TestPodSpecDemo */;
			targetProxy = F6DC0AFC2214062B00F675FB /* PBXContainerItemProxy */;
		};
/* End PBXTargetDependency section */

/* Begin PBXVariantGroup section */
		F6DC0AE12214062A00F675FB /* Main.storyboard */ = {
			isa = PBXVariantGroup;
			children = (
				F6DC0AE22214062A00F675FB /* Base */,
			);
			name = Main.storyboard;
			sourceTree = "<group>";
		};
		F6DC0AE62214062B00F675FB /* LaunchScreen.storyboard */ = {
			isa = PBXVariantGroup;
			children = (
				F6DC0AE72214062B00F675FB /* Base */,
			);
			name = LaunchScreen.storyboard;
			sourceTree = "<group>";
		};
/* End PBXVariantGroup section */

/* Begin XCBuildConfiguration section */
		F6DC0B022214062B00F675FB /* Debug */ = {
			isa = XCBuildConfiguration;
			buildSettings = {
				ALWAYS_SEARCH_USER_PATHS = NO;
				CLANG_ANALYZER_NONNULL = YES;
				CLANG_ANALYZER_NUMBER_OBJECT_CONVERSION = YES_AGGRESSIVE;
				CLANG_CXX_LANGUAGE_STANDARD = "gnu++14";
				CLANG_CXX_LIBRARY = "libc++";
				CLANG_ENABLE_MODULES = YES;
				CLANG_ENABLE_OBJC_ARC = YES;
				CLANG_ENABLE_OBJC_WEAK = YES;
				CLANG_WARN_BLOCK_CAPTURE_AUTORELEASING = YES;
				CLANG_WARN_BOOL_CONVERSION = YES;
				CLANG_WARN_COMMA = YES;
				CLANG_WARN_CONSTANT_CONVERSION = YES;
				CLANG_WARN_DEPRECATED_OBJC_IMPLEMENTATIONS = YES;
				CLANG_WARN_DIRECT_OBJC_ISA_USAGE = YES_ERROR;
				CLANG_WARN_DOCUMENTATION_COMMENTS = YES;
				CLANG_WARN_EMPTY_BODY = YES;
				CLANG_WARN_ENUM_CONVERSION = YES;
				CLANG_WARN_INFINITE_RECURSION = YES;
				CLANG_WARN_INT_CONVERSION = YES;
				CLANG_WARN_NON_LITERAL_NULL_CONVERSION = YES;
				CLANG_WARN_OBJC_IMPLICIT_RETAIN_SELF = YES;
				CLANG_WARN_OBJC_LITERAL_CONVERSION = YES;
				CLANG_WARN_OBJC_ROOT_CLASS = YES_ERROR;
				CLANG_WARN_RANGE_LOOP_ANALYSIS = YES;
				CLANG_WARN_STRICT_PROTOTYPES = YES;
				CLANG_WARN_SUSPICIOUS_MOVE = YES;
				CLANG_WARN_UNGUARDED_AVAILABILITY = YES_AGGRESSIVE;
				CLANG_WARN_UNREACHABLE_CODE = YES;
				CLANG_WARN__DUPLICATE_METHOD_MATCH = YES;
				CODE_SIGN_IDENTITY = "iPhone Developer";
				COPY_PHASE_STRIP = NO;
				DEBUG_INFORMATION_FORMAT = dwarf;
				ENABLE_STRICT_OBJC_MSGSEND = YES;
				ENABLE_TESTABILITY = YES;
				GCC_C_LANGUAGE_STANDARD = gnu11;
				GCC_DYNAMIC_NO_PIC = NO;
				GCC_NO_COMMON_BLOCKS = YES;
				GCC_OPTIMIZATION_LEVEL = 0;
				GCC_PREPROCESSOR_DEFINITIONS = (
					"DEBUG=1",
					"$(inherited)",
				);
				GCC_WARN_64_TO_32_BIT_CONVERSION = YES;
				GCC_WARN_ABOUT_RETURN_TYPE = YES_ERROR;
				GCC_WARN_UNDECLARED_SELECTOR = YES;
				GCC_WARN_UNINITIALIZED_AUTOS = YES_AGGRESSIVE;
				GCC_WARN_UNUSED_FUNCTION = YES;
				GCC_WARN_UNUSED_VARIABLE = YES;
				IPHONEOS_DEPLOYMENT_TARGET = 12.1;
				MTL_ENABLE_DEBUG_INFO = INCLUDE_SOURCE;
				MTL_FAST_MATH = YES;
				ONLY_ACTIVE_ARCH = YES;
				SDKROOT = iphoneos;
			};
			name = Debug;
		};
		F6DC0B032214062B00F675FB /* Release */ = {
			isa = XCBuildConfiguration;
			buildSettings = {
				ALWAYS_SEARCH_USER_PATHS = NO;
				CLANG_ANALYZER_NONNULL = YES;
				CLANG_ANALYZER_NUMBER_OBJECT_CONVERSION = YES_AGGRESSIVE;
				CLANG_CXX_LANGUAGE_STANDARD = "gnu++14";
				CLANG_CXX_LIBRARY = "libc++";
				CLANG_ENABLE_MODULES = YES;
				CLANG_ENABLE_OBJC_ARC = YES;
				CLANG_ENABLE_OBJC_WEAK = YES;
				CLANG_WARN_BLOCK_CAPTURE_AUTORELEASING = YES;
				CLANG_WARN_BOOL_CONVERSION = YES;
				CLANG_WARN_COMMA = YES;
				CLANG_WARN_CONSTANT_CONVERSION = YES;
				CLANG_WARN_DEPRECATED_OBJC_IMPLEMENTATIONS = YES;
				CLANG_WARN_DIRECT_OBJC_ISA_USAGE = YES_ERROR;
				CLANG_WARN_DOCUMENTATION_COMMENTS = YES;
				CLANG_WARN_EMPTY_BODY = YES;
				CLANG_WARN_ENUM_CONVERSION = YES;
				CLANG_WARN_INFINITE_RECURSION = YES;
				CLANG_WARN_INT_CONVERSION = YES;
				CLANG_WARN_NON_LITERAL_NULL_CONVERSION = YES;
				CLANG_WARN_OBJC_IMPLICIT_RETAIN_SELF = YES;
				CLANG_WARN_OBJC_LITERAL_CONVERSION = YES;
				CLANG_WARN_OBJC_ROOT_CLASS = YES_ERROR;
				CLANG_WARN_RANGE_LOOP_ANALYSIS = YES;
				CLANG_WARN_STRICT_PROTOTYPES = YES;
				CLANG_WARN_SUSPICIOUS_MOVE = YES;
				CLANG_WARN_UNGUARDED_AVAILABILITY = YES_AGGRESSIVE;
				CLANG_WARN_UNREACHABLE_CODE = YES;
				CLANG_WARN__DUPLICATE_METHOD_MATCH = YES;
				CODE_SIGN_IDENTITY = "iPhone Developer";
				COPY_PHASE_STRIP = NO;
				DEBUG_INFORMATION_FORMAT = "dwarf-with-dsym";
				ENABLE_NS_ASSERTIONS = NO;
				ENABLE_STRICT_OBJC_MSGSEND = YES;
				GCC_C_LANGUAGE_STANDARD = gnu11;
				GCC_NO_COMMON_BLOCKS = YES;
				GCC_WARN_64_TO_32_BIT_CONVERSION = YES;
				GCC_WARN_ABOUT_RETURN_TYPE = YES_ERROR;
				GCC_WARN_UNDECLARED_SELECTOR = YES;
				GCC_WARN_UNINITIALIZED_AUTOS = YES_AGGRESSIVE;
				GCC_WARN_UNUSED_FUNCTION = YES;
				GCC_WARN_UNUSED_VARIABLE = YES;
				IPHONEOS_DEPLOYMENT_TARGET = 12.1;
				MTL_ENABLE_DEBUG_INFO = NO;
				MTL_FAST_MATH = YES;
				SDKROOT = iphoneos;
				VALIDATE_PRODUCT = YES;
			};
			name = Release;
		};
		F6DC0B052214062B00F675FB /* Debug */ = {
			isa = XCBuildConfiguration;
			buildSettings = {
				ASSETCATALOG_COMPILER_APPICON_NAME = AppIcon;
				CODE_SIGN_STYLE = Automatic;
				DEVELOPMENT_TEAM = G4BXERJUH5;
				INFOPLIST_FILE = TestPodSpecDemo/Info.plist;
				IPHONEOS_DEPLOYMENT_TARGET = 9.0;
				LD_RUNPATH_SEARCH_PATHS = (
					"$(inherited)",
					"@executable_path/Frameworks",
				);
				PRODUCT_BUNDLE_IDENTIFIER = com.ihomefnt.TestPodSpecDemo;
				PRODUCT_NAME = "$(TARGET_NAME)";
				TARGETED_DEVICE_FAMILY = "1,2";
			};
			name = Debug;
		};
		F6DC0B062214062B00F675FB /* Release */ = {
			isa = XCBuildConfiguration;
			buildSettings = {
				ASSETCATALOG_COMPILER_APPICON_NAME = AppIcon;
				CODE_SIGN_STYLE = Automatic;
				DEVELOPMENT_TEAM = G4BXERJUH5;
				INFOPLIST_FILE = TestPodSpecDemo/Info.plist;
				IPHONEOS_DEPLOYMENT_TARGET = 9.0;
				LD_RUNPATH_SEARCH_PATHS = (
					"$(inherited)",
					"@executable_path/Frameworks",
				);
				PRODUCT_BUNDLE_IDENTIFIER = com.ihomefnt.TestPodSpecDemo;
				PRODUCT_NAME = "$(TARGET_NAME)";
				TARGETED_DEVICE_FAMILY = "1,2";
			};
			name = Release;
		};
		F6DC0B082214062B00F675FB /* Debug */ = {
			isa = XCBuildConfiguration;
			buildSettings = {
				BUNDLE_LOADER = "$(TEST_HOST)";
				CODE_SIGN_STYLE = Automatic;
				DEVELOPMENT_TEAM = G4BXERJUH5;
				INFOPLIST_FILE = TestPodSpecDemoTests/Info.plist;
				LD_RUNPATH_SEARCH_PATHS = (
					"$(inherited)",
					"@executable_path/Frameworks",
					"@loader_path/Frameworks",
				);
				PRODUCT_BUNDLE_IDENTIFIER = com.ihomefnt.TestPodSpecDemoTests;
				PRODUCT_NAME = "$(TARGET_NAME)";
				TARGETED_DEVICE_FAMILY = "1,2";
				TEST_HOST = "$(BUILT_PRODUCTS_DIR)/TestPodSpecDemo.app/TestPodSpecDemo";
			};
			name = Debug;
		};
		F6DC0B092214062B00F675FB /* Release */ = {
			isa = XCBuildConfiguration;
			buildSettings = {
				BUNDLE_LOADER = "$(TEST_HOST)";
				CODE_SIGN_STYLE = Automatic;
				DEVELOPMENT_TEAM = G4BXERJUH5;
				INFOPLIST_FILE = TestPodSpecDemoTests/Info.plist;
				LD_RUNPATH_SEARCH_PATHS = (
					"$(inherited)",
					"@executable_path/Frameworks",
					"@loader_path/Frameworks",
				);
				PRODUCT_BUNDLE_IDENTIFIER = com.ihomefnt.TestPodSpecDemoTests;
				PRODUCT_NAME = "$(TARGET_NAME)";
				TARGETED_DEVICE_FAMILY = "1,2";
				TEST_HOST = "$(BUILT_PRODUCTS_DIR)/TestPodSpecDemo.app/TestPodSpecDemo";
			};
			name = Release;
		};
		F6DC0B0B2214062B00F675FB /* Debug */ = {
			isa = XCBuildConfiguration;
			buildSettings = {
				CODE_SIGN_STYLE = Automatic;
				DEVELOPMENT_TEAM = G4BXERJUH5;
				INFOPLIST_FILE = TestPodSpecDemoUITests/Info.plist;
				LD_RUNPATH_SEARCH_PATHS = (
					"$(inherited)",
					"@executable_path/Frameworks",
					"@loader_path/Frameworks",
				);
				PRODUCT_BUNDLE_IDENTIFIER = com.ihomefnt.TestPodSpecDemoUITests;
				PRODUCT_NAME = "$(TARGET_NAME)";
				TARGETED_DEVICE_FAMILY = "1,2";
				TEST_TARGET_NAME = TestPodSpecDemo;
			};
			name = Debug;
		};
		F6DC0B0C2214062B00F675FB /* Release */ = {
			isa = XCBuildConfiguration;
			buildSettings = {
				CODE_SIGN_STYLE = Automatic;
				DEVELOPMENT_TEAM = G4BXERJUH5;
				INFOPLIST_FILE = TestPodSpecDemoUITests/Info.plist;
				LD_RUNPATH_SEARCH_PATHS = (
					"$(inherited)",
					"@executable_path/Frameworks",
					"@loader_path/Frameworks",
				);
				PRODUCT_BUNDLE_IDENTIFIER = com.ihomefnt.TestPodSpecDemoUITests;
				PRODUCT_NAME = "$(TARGET_NAME)";
				TARGETED_DEVICE_FAMILY = "1,2";
				TEST_TARGET_NAME = TestPodSpecDemo;
			};
			name = Release;
		};
/* End XCBuildConfiguration section */

/* Begin XCConfigurationList section */
		F6DC0AD32214062A00F675FB /* Build configuration list for PBXProject "TestPodSpecDemo" */ = {
			isa = XCConfigurationList;
			buildConfigurations = (
				F6DC0B022214062B00F675FB /* Debug */,
				F6DC0B032214062B00F675FB /* Release */,
			);
			defaultConfigurationIsVisible = 0;
			defaultConfigurationName = Release;
		};
		F6DC0B042214062B00F675FB /* Build configuration list for PBXNativeTarget "TestPodSpecDemo" */ = {
			isa = XCConfigurationList;
			buildConfigurations = (
				F6DC0B052214062B00F675FB /* Debug */,
				F6DC0B062214062B00F675FB /* Release */,
			);
			defaultConfigurationIsVisible = 0;
			defaultConfigurationName = Release;
		};
		F6DC0B072214062B00F675FB /* Build configuration list for PBXNativeTarget "TestPodSpecDemoTests" */ = {
			isa = XCConfigurationList;
			buildConfigurations = (
				F6DC0B082214062B00F675FB /* Debug */,
				F6DC0B092214062B00F675FB /* Release */,
			);
			defaultConfigurationIsVisible = 0;
			defaultConfigurationName = Release;
		};
		F6DC0B0A2214062B00F675FB /* Build configuration list for PBXNativeTarget "TestPodSpecDemoUITests" */ = {
			isa = XCConfigurationList;
			buildConfigurations = (
				F6DC0B0B2214062B00F675FB /* Debug */,
				F6DC0B0C2214062B00F675FB /* Release */,
			);
			defaultConfigurationIsVisible = 0;
			defaultConfigurationName = Release;
		};
/* End XCConfigurationList section */
	};
	rootObject = F6DC0AD02214062A00F675FB /* Project object */;
}
